
Microsoft Visual Studio Solution File, Format Version 12.00
# Visual Studio Version 16
VisualStudioVersion = 16.0.30503.244
MinimumVisualStudioVersion = 10.0.40219.1
Project("{9A19103F-16F7-4668-BE54-9A1E7A4F7556}") = "001 C Sharp", "001 C Sharp.csproj", "{AFBA071E-FA7D-4BC2-AFEE-9B8188115123}"
EndProject
Project("{9A19103F-16F7-4668-BE54-9A1E7A4F7556}") = "002 变量", "..\002 变量\002 变量.csproj", "{C2D62E54-6ED3-4AAC-B7D8-E74F707CA8C1}"
EndProject
Project("{9A19103F-16F7-4668-BE54-9A1E7A4F7556}") = "003 变量的类型", "..\003 变量的类型\003 变量的类型.csproj", "{AB6520F0-4F8F-45BD-A4A8-C4943B283475}"
EndProject
Project("{9A19103F-16F7-4668-BE54-9A1E7A4F7556}") = "004 定义变量存储主角的信息", "..\004 定义变量存储主角的信息\004 定义变量存储主角的信息.csproj", "{F07C0A28-6F97-4D33-8D3E-B8083C238C34}"
EndProject
Project("{9A19103F-16F7-4668-BE54-9A1E7A4F7556}") = "005 在字符串前面加@", "..\005 在字符串前面加@\005 在字符串前面加@.csproj", "{3DC17D96-DAAE-4475-843C-0014777D5BDA}"
EndProject
Project("{9A19103F-16F7-4668-BE54-9A1E7A4F7556}") = "006 变量的声明和赋值", "..\006 变量的声明和赋值\006 变量的声明和赋值.csproj", "{99DAE25A-923C-429E-9F4C-313AD1EB9EBA}"
EndProject
Project("{9A19103F-16F7-4668-BE54-9A1E7A4F7556}") = "007 数字运算符", "..\007 数字运算符\007 数字运算符.csproj", "{AC63EBF2-A4B2-4A07-89C6-A487AB9C7A4F}"
EndProject
Project("{9A19103F-16F7-4668-BE54-9A1E7A4F7556}") = "008 数学运算符自加自减", "..\008 数学运算符自加自减\008 数学运算符自加自减.csproj", "{003A9720-B486-44D2-BD16-B9AF0A7F0A08}"
EndProject
Project("{9A19103F-16F7-4668-BE54-9A1E7A4F7556}") = "009 从键盘上读取输入的字符串", "..\009 从键盘上读取输入的字符串\009 从键盘上读取输入的字符串.csproj", "{611FAC4E-FF91-432C-8206-CD39D04EDE76}"
EndProject
Project("{9A19103F-16F7-4668-BE54-9A1E7A4F7556}") = "010 接受输入，显示和输出", "..\010 接受输入，显示和输出\010 接受输入，显示和输出.csproj", "{78553BBD-9085-496A-876B-CD615CDE6D88}"
EndProject
Project("{9A19103F-16F7-4668-BE54-9A1E7A4F7556}") = "011 赋值运算符", "..\011 赋值运算符\011 赋值运算符.csproj", "{46E85699-DE15-4528-9745-3E0008AACD00}"
EndProject
Project("{9A19103F-16F7-4668-BE54-9A1E7A4F7556}") = "012 运算符的优先级", "..\012 运算符的优先级\012 运算符的优先级.csproj", "{E7859B92-4780-4016-B497-168940BA391F}"
EndProject
Project("{9A19103F-16F7-4668-BE54-9A1E7A4F7556}") = "练习1 定义敌人变量", "..\练习1 定义敌人变量\练习1 定义敌人变量.csproj", "{A10184D6-09A5-4AA9-9B00-A1E8A0285A30}"
EndProject
Project("{9A19103F-16F7-4668-BE54-9A1E7A4F7556}") = "练习2 交换变量存储值", "..\练习2 交换变量存储值\练习2 交换变量存储值.csproj", "{17EA48A3-B940-4019-A591-943E123BD548}"
EndProject
Project("{9A19103F-16F7-4668-BE54-9A1E7A4F7556}") = "练习3 显示乘积", "..\练习3 显示乘积\练习3 显示乘积.csproj", "{40FE4717-1DF5-4410-983C-3E9E6FD4BC56}"
EndProject
Project("{9A19103F-16F7-4668-BE54-9A1E7A4F7556}") = "练习4 相反顺序输出", "..\练习4 相反顺序输出\练习4 相反顺序输出.csproj", "{39EB1A1D-8FF4-4281-BBD8-FCB9EAD73913}"
EndProject
Project("{9A19103F-16F7-4668-BE54-9A1E7A4F7556}") = "练习5 计算梯形面积", "..\练习5 计算梯形面积\练习5 计算梯形面积.csproj", "{55068F17-2A16-4224-867E-EBF9613E906B}"
EndProject
Project("{9A19103F-16F7-4668-BE54-9A1E7A4F7556}") = "练习6 计算圆的周长和面积", "..\练习6 计算圆的周长和面积\练习6 计算圆的周长和面积.csproj", "{04A33ADE-81EE-43D4-ACDA-7B94746B072E}"
EndProject
Project("{9A19103F-16F7-4668-BE54-9A1E7A4F7556}") = "016 布尔运算", "..\016 布尔运算\016 布尔运算.csproj", "{7D815D2C-B37C-492D-8740-D8771EF25055}"
EndProject
Project("{9A19103F-16F7-4668-BE54-9A1E7A4F7556}") = "017 布尔运算符", "..\017 布尔运算符\017 布尔运算符.csproj", "{793454A9-18DD-43F5-88DD-70A405D10834}"
EndProject
Project("{9A19103F-16F7-4668-BE54-9A1E7A4F7556}") = "018 条件布尔运算符", "..\018 条件布尔运算符\018 条件布尔运算符.csproj", "{9F585CFB-B108-4BB4-944D-02CF5A73AA23}"
EndProject
Project("{9A19103F-16F7-4668-BE54-9A1E7A4F7556}") = "019 goto语句", "..\019 goto语句\019 goto语句.csproj", "{1BE886E6-2119-4F13-9487-85DB412B38B4}"
EndProject
Project("{9A19103F-16F7-4668-BE54-9A1E7A4F7556}") = "020 if语句", "..\020 if语句\020 if语句.csproj", "{3C50371D-719F-4FBE-9813-62E176A0F4B0}"
EndProject
Project("{9A19103F-16F7-4668-BE54-9A1E7A4F7556}") = "021 三元运算符", "..\021 三元运算符\021 三元运算符.csproj", "{2060ED1C-0C26-4202-9180-8DC63849F9DB}"
EndProject
Project("{9A19103F-16F7-4668-BE54-9A1E7A4F7556}") = "022 多条件判断", "..\022 多条件判断\022 多条件判断.csproj", "{2A0EDBF1-6CE1-4E11-9158-51A827229C9D}"
EndProject
Project("{9A19103F-16F7-4668-BE54-9A1E7A4F7556}") = "023 switch语句", "..\023 switch语句\023 switch语句.csproj", "{1583208A-AFC5-4B00-A7E1-4167AAA23352}"
EndProject
Project("{9A19103F-16F7-4668-BE54-9A1E7A4F7556}") = "024 while循环", "..\024 while循环\024 while循环.csproj", "{664B62F1-5D6F-4307-A85D-26D6065F55B6}"
EndProject
Project("{9A19103F-16F7-4668-BE54-9A1E7A4F7556}") = "025 do while循环", "..\025 do while循环\025 do while循环.csproj", "{D3137B97-B314-4E06-BF46-81CB8A937E85}"
EndProject
Project("{9A19103F-16F7-4668-BE54-9A1E7A4F7556}") = "026 for循环", "..\026 for循环\026 for循环.csproj", "{BFDA1AFB-E4E5-400D-900B-5D59ACA69C9C}"
EndProject
Project("{9A19103F-16F7-4668-BE54-9A1E7A4F7556}") = "027 循环的终止break", "..\027 循环的终止break\027 循环的终止break.csproj", "{21B69F71-F224-4D19-BFC2-6F946F5BFFAD}"
EndProject
Project("{9A19103F-16F7-4668-BE54-9A1E7A4F7556}") = "028 循环的终端continue", "..\028 循环的终端continue\028 循环的终端continue.csproj", "{3CFF53C0-DAE0-4825-8A52-B520B7DA444A}"
EndProject
Project("{9A19103F-16F7-4668-BE54-9A1E7A4F7556}") = "029 goto和return来跳出循环", "..\029 goto和return来跳出循环\029 goto和return来跳出循环.csproj", "{CB3062C6-BF51-472C-827F-B64A0BA3B1BB}"
EndProject
Project("{FAE04EC0-301F-11D3-BF4B-00C04F79EFBC}") = "练习7-1 最大值最小值", "..\练习7-1 最大值最小值\练习7-1 最大值最小值.csproj", "{C17CD131-F0AB-40F5-A896-481EBA3FE4FD}"
EndProject
Project("{FAE04EC0-301F-11D3-BF4B-00C04F79EFBC}") = "练习7-2 输入操作数", "..\练习7-2 输入操作数\练习7-2 输入操作数.csproj", "{1C4A9F97-850F-4808-8609-F765B5049D68}"
EndProject
Project("{FAE04EC0-301F-11D3-BF4B-00C04F79EFBC}") = "练习7-3 计算0-1000中每5个被7整除的数的和", "..\练习7-3 计算0-1000中每5个被7整除的数的和\练习7-3 计算0-1000中每5个被7整除的数的和.csproj", "{81B38751-60D5-4EA7-B2D3-105FBA43D603}"
EndProject
Project("{FAE04EC0-301F-11D3-BF4B-00C04F79EFBC}") = "练习7-4 输出1-100之间的平方于平方根", "..\练习7-4 输出1-100之间的平方于平方根\练习7-4 输出1-100之间的平方于平方根.csproj", "{91662D5E-634D-4F19-AC99-381CFC697494}"
EndProject
Project("{FAE04EC0-301F-11D3-BF4B-00C04F79EFBC}") = "练习7-5 兔子繁殖问题", "..\练习7-5 兔子繁殖问题\练习7-5 兔子繁殖问题.csproj", "{2D3B3C85-8C33-45A0-9B3F-96B6E5B24799}"
EndProject
Project("{FAE04EC0-301F-11D3-BF4B-00C04F79EFBC}") = "练习7-6 1-100中能被3整除不能被5整除的数的个数", "..\练习7-6 1-100中能被3整除不能被5整除的数的个数\练习7-6 1-100中能被3整除不能被5整除的数的个数.csproj", "{BEF86E72-3F81-4D8B-A504-B4405FB0A823}"
EndProject
Project("{FAE04EC0-301F-11D3-BF4B-00C04F79EFBC}") = "练习7-7 1000以内的素数", "..\练习7-7 1000以内的素数\练习7-7 1000以内的素数.csproj", "{24905737-86A8-4503-ADF8-67D8EEBAABCC}"
EndProject
Project("{FAE04EC0-301F-11D3-BF4B-00C04F79EFBC}") = "练习7-8 九九乘法表", "..\练习7-8 九九乘法表\练习7-8 九九乘法表.csproj", "{577381E0-D8D5-4C97-9860-B84AC7009933}"
EndProject
Project("{FAE04EC0-301F-11D3-BF4B-00C04F79EFBC}") = "练习7-9 掷筛子100次", "..\练习7-9 致筛子100次\练习7-9 掷筛子100次.csproj", "{3FCF3E22-4B98-490B-B932-823DFC3FAC54}"
EndProject
Project("{FAE04EC0-301F-11D3-BF4B-00C04F79EFBC}") = "练习8-1(7-10) 输出1-5的平方值", "..\练习7-10 输出1-5的平方值\练习8-1(7-10) 输出1-5的平方值.csproj", "{589A9258-C373-433C-BB3C-DA528DFB5098}"
EndProject
Project("{FAE04EC0-301F-11D3-BF4B-00C04F79EFBC}") = "练习8-2（7-11）用户输入5个大写字母", "..\练习8-2（7-11）用户输入5个大写字母\练习8-2（7-11）用户输入5个大写字母.csproj", "{E275A171-8A60-49BD-83CF-979CE6C63329}"
EndProject
Project("{FAE04EC0-301F-11D3-BF4B-00C04F79EFBC}") = "练习8-3（7-12）写列功能", "..\练习8-3（7-12）写列功能\练习8-3（7-12）写列功能.csproj", "{AEDE72F3-DCE3-4B69-AB3D-5E93148B381C}"
EndProject
Project("{FAE04EC0-301F-11D3-BF4B-00C04F79EFBC}") = "练习8-4（7-13）1000之内的所有完数", "..\练习8-4（7-13）1000之内的所有完数\练习8-4（7-13）1000之内的所有完数.csproj", "{42E1E3A2-5EAA-4CAB-B6D6-E6B8118B7489}"
EndProject
Global
	GlobalSection(SolutionConfigurationPlatforms) = preSolution
		Debug|Any CPU = Debug|Any CPU
		Release|Any CPU = Release|Any CPU
	EndGlobalSection
	GlobalSection(ProjectConfigurationPlatforms) = postSolution
		{AFBA071E-FA7D-4BC2-AFEE-9B8188115123}.Debug|Any CPU.ActiveCfg = Debug|Any CPU
		{AFBA071E-FA7D-4BC2-AFEE-9B8188115123}.Debug|Any CPU.Build.0 = Debug|Any CPU
		{AFBA071E-FA7D-4BC2-AFEE-9B8188115123}.Release|Any CPU.ActiveCfg = Release|Any CPU
		{AFBA071E-FA7D-4BC2-AFEE-9B8188115123}.Release|Any CPU.Build.0 = Release|Any CPU
		{C2D62E54-6ED3-4AAC-B7D8-E74F707CA8C1}.Debug|Any CPU.ActiveCfg = Debug|Any CPU
		{C2D62E54-6ED3-4AAC-B7D8-E74F707CA8C1}.Debug|Any CPU.Build.0 = Debug|Any CPU
		{C2D62E54-6ED3-4AAC-B7D8-E74F707CA8C1}.Release|Any CPU.ActiveCfg = Release|Any CPU
		{C2D62E54-6ED3-4AAC-B7D8-E74F707CA8C1}.Release|Any CPU.Build.0 = Release|Any CPU
		{AB6520F0-4F8F-45BD-A4A8-C4943B283475}.Debug|Any CPU.ActiveCfg = Debug|Any CPU
		{AB6520F0-4F8F-45BD-A4A8-C4943B283475}.Debug|Any CPU.Build.0 = Debug|Any CPU
		{AB6520F0-4F8F-45BD-A4A8-C4943B283475}.Release|Any CPU.ActiveCfg = Release|Any CPU
		{AB6520F0-4F8F-45BD-A4A8-C4943B283475}.Release|Any CPU.Build.0 = Release|Any CPU
		{F07C0A28-6F97-4D33-8D3E-B8083C238C34}.Debug|Any CPU.ActiveCfg = Debug|Any CPU
		{F07C0A28-6F97-4D33-8D3E-B8083C238C34}.Debug|Any CPU.Build.0 = Debug|Any CPU
		{F07C0A28-6F97-4D33-8D3E-B8083C238C34}.Release|Any CPU.ActiveCfg = Release|Any CPU
		{F07C0A28-6F97-4D33-8D3E-B8083C238C34}.Release|Any CPU.Build.0 = Release|Any CPU
		{3DC17D96-DAAE-4475-843C-0014777D5BDA}.Debug|Any CPU.ActiveCfg = Debug|Any CPU
		{3DC17D96-DAAE-4475-843C-0014777D5BDA}.Debug|Any CPU.Build.0 = Debug|Any CPU
		{3DC17D96-DAAE-4475-843C-0014777D5BDA}.Release|Any CPU.ActiveCfg = Release|Any CPU
		{3DC17D96-DAAE-4475-843C-0014777D5BDA}.Release|Any CPU.Build.0 = Release|Any CPU
		{99DAE25A-923C-429E-9F4C-313AD1EB9EBA}.Debug|Any CPU.ActiveCfg = Debug|Any CPU
		{99DAE25A-923C-429E-9F4C-313AD1EB9EBA}.Debug|Any CPU.Build.0 = Debug|Any CPU
		{99DAE25A-923C-429E-9F4C-313AD1EB9EBA}.Release|Any CPU.ActiveCfg = Release|Any CPU
		{99DAE25A-923C-429E-9F4C-313AD1EB9EBA}.Release|Any CPU.Build.0 = Release|Any CPU
		{AC63EBF2-A4B2-4A07-89C6-A487AB9C7A4F}.Debug|Any CPU.ActiveCfg = Debug|Any CPU
		{AC63EBF2-A4B2-4A07-89C6-A487AB9C7A4F}.Debug|Any CPU.Build.0 = Debug|Any CPU
		{AC63EBF2-A4B2-4A07-89C6-A487AB9C7A4F}.Release|Any CPU.ActiveCfg = Release|Any CPU
		{AC63EBF2-A4B2-4A07-89C6-A487AB9C7A4F}.Release|Any CPU.Build.0 = Release|Any CPU
		{003A9720-B486-44D2-BD16-B9AF0A7F0A08}.Debug|Any CPU.ActiveCfg = Debug|Any CPU
		{003A9720-B486-44D2-BD16-B9AF0A7F0A08}.Debug|Any CPU.Build.0 = Debug|Any CPU
		{003A9720-B486-44D2-BD16-B9AF0A7F0A08}.Release|Any CPU.ActiveCfg = Release|Any CPU
		{003A9720-B486-44D2-BD16-B9AF0A7F0A08}.Release|Any CPU.Build.0 = Release|Any CPU
		{611FAC4E-FF91-432C-8206-CD39D04EDE76}.Debug|Any CPU.ActiveCfg = Debug|Any CPU
		{611FAC4E-FF91-432C-8206-CD39D04EDE76}.Debug|Any CPU.Build.0 = Debug|Any CPU
		{611FAC4E-FF91-432C-8206-CD39D04EDE76}.Release|Any CPU.ActiveCfg = Release|Any CPU
		{611FAC4E-FF91-432C-8206-CD39D04EDE76}.Release|Any CPU.Build.0 = Release|Any CPU
		{78553BBD-9085-496A-876B-CD615CDE6D88}.Debug|Any CPU.ActiveCfg = Debug|Any CPU
		{78553BBD-9085-496A-876B-CD615CDE6D88}.Debug|Any CPU.Build.0 = Debug|Any CPU
		{78553BBD-9085-496A-876B-CD615CDE6D88}.Release|Any CPU.ActiveCfg = Release|Any CPU
		{78553BBD-9085-496A-876B-CD615CDE6D88}.Release|Any CPU.Build.0 = Release|Any CPU
		{46E85699-DE15-4528-9745-3E0008AACD00}.Debug|Any CPU.ActiveCfg = Debug|Any CPU
		{46E85699-DE15-4528-9745-3E0008AACD00}.Debug|Any CPU.Build.0 = Debug|Any CPU
		{46E85699-DE15-4528-9745-3E0008AACD00}.Release|Any CPU.ActiveCfg = Release|Any CPU
		{46E85699-DE15-4528-9745-3E0008AACD00}.Release|Any CPU.Build.0 = Release|Any CPU
		{E7859B92-4780-4016-B497-168940BA391F}.Debug|Any CPU.ActiveCfg = Debug|Any CPU
		{E7859B92-4780-4016-B497-168940BA391F}.Debug|Any CPU.Build.0 = Debug|Any CPU
		{E7859B92-4780-4016-B497-168940BA391F}.Release|Any CPU.ActiveCfg = Release|Any CPU
		{E7859B92-4780-4016-B497-168940BA391F}.Release|Any CPU.Build.0 = Release|Any CPU
		{A10184D6-09A5-4AA9-9B00-A1E8A0285A30}.Debug|Any CPU.ActiveCfg = Debug|Any CPU
		{A10184D6-09A5-4AA9-9B00-A1E8A0285A30}.Debug|Any CPU.Build.0 = Debug|Any CPU
		{A10184D6-09A5-4AA9-9B00-A1E8A0285A30}.Release|Any CPU.ActiveCfg = Release|Any CPU
		{A10184D6-09A5-4AA9-9B00-A1E8A0285A30}.Release|Any CPU.Build.0 = Release|Any CPU
		{17EA48A3-B940-4019-A591-943E123BD548}.Debug|Any CPU.ActiveCfg = Debug|Any CPU
		{17EA48A3-B940-4019-A591-943E123BD548}.Debug|Any CPU.Build.0 = Debug|Any CPU
		{17EA48A3-B940-4019-A591-943E123BD548}.Release|Any CPU.ActiveCfg = Release|Any CPU
		{17EA48A3-B940-4019-A591-943E123BD548}.Release|Any CPU.Build.0 = Release|Any CPU
		{40FE4717-1DF5-4410-983C-3E9E6FD4BC56}.Debug|Any CPU.ActiveCfg = Debug|Any CPU
		{40FE4717-1DF5-4410-983C-3E9E6FD4BC56}.Debug|Any CPU.Build.0 = Debug|Any CPU
		{40FE4717-1DF5-4410-983C-3E9E6FD4BC56}.Release|Any CPU.ActiveCfg = Release|Any CPU
		{40FE4717-1DF5-4410-983C-3E9E6FD4BC56}.Release|Any CPU.Build.0 = Release|Any CPU
		{39EB1A1D-8FF4-4281-BBD8-FCB9EAD73913}.Debug|Any CPU.ActiveCfg = Debug|Any CPU
		{39EB1A1D-8FF4-4281-BBD8-FCB9EAD73913}.Debug|Any CPU.Build.0 = Debug|Any CPU
		{39EB1A1D-8FF4-4281-BBD8-FCB9EAD73913}.Release|Any CPU.ActiveCfg = Release|Any CPU
		{39EB1A1D-8FF4-4281-BBD8-FCB9EAD73913}.Release|Any CPU.Build.0 = Release|Any CPU
		{55068F17-2A16-4224-867E-EBF9613E906B}.Debug|Any CPU.ActiveCfg = Debug|Any CPU
		{55068F17-2A16-4224-867E-EBF9613E906B}.Debug|Any CPU.Build.0 = Debug|Any CPU
		{55068F17-2A16-4224-867E-EBF9613E906B}.Release|Any CPU.ActiveCfg = Release|Any CPU
		{55068F17-2A16-4224-867E-EBF9613E906B}.Release|Any CPU.Build.0 = Release|Any CPU
		{04A33ADE-81EE-43D4-ACDA-7B94746B072E}.Debug|Any CPU.ActiveCfg = Debug|Any CPU
		{04A33ADE-81EE-43D4-ACDA-7B94746B072E}.Debug|Any CPU.Build.0 = Debug|Any CPU
		{04A33ADE-81EE-43D4-ACDA-7B94746B072E}.Release|Any CPU.ActiveCfg = Release|Any CPU
		{04A33ADE-81EE-43D4-ACDA-7B94746B072E}.Release|Any CPU.Build.0 = Release|Any CPU
		{7D815D2C-B37C-492D-8740-D8771EF25055}.Debug|Any CPU.ActiveCfg = Debug|Any CPU
		{7D815D2C-B37C-492D-8740-D8771EF25055}.Debug|Any CPU.Build.0 = Debug|Any CPU
		{7D815D2C-B37C-492D-8740-D8771EF25055}.Release|Any CPU.ActiveCfg = Release|Any CPU
		{7D815D2C-B37C-492D-8740-D8771EF25055}.Release|Any CPU.Build.0 = Release|Any CPU
		{793454A9-18DD-43F5-88DD-70A405D10834}.Debug|Any CPU.ActiveCfg = Debug|Any CPU
		{793454A9-18DD-43F5-88DD-70A405D10834}.Debug|Any CPU.Build.0 = Debug|Any CPU
		{793454A9-18DD-43F5-88DD-70A405D10834}.Release|Any CPU.ActiveCfg = Release|Any CPU
		{793454A9-18DD-43F5-88DD-70A405D10834}.Release|Any CPU.Build.0 = Release|Any CPU
		{9F585CFB-B108-4BB4-944D-02CF5A73AA23}.Debug|Any CPU.ActiveCfg = Debug|Any CPU
		{9F585CFB-B108-4BB4-944D-02CF5A73AA23}.Debug|Any CPU.Build.0 = Debug|Any CPU
		{9F585CFB-B108-4BB4-944D-02CF5A73AA23}.Release|Any CPU.ActiveCfg = Release|Any CPU
		{9F585CFB-B108-4BB4-944D-02CF5A73AA23}.Release|Any CPU.Build.0 = Release|Any CPU
		{1BE886E6-2119-4F13-9487-85DB412B38B4}.Debug|Any CPU.ActiveCfg = Debug|Any CPU
		{1BE886E6-2119-4F13-9487-85DB412B38B4}.Debug|Any CPU.Build.0 = Debug|Any CPU
		{1BE886E6-2119-4F13-9487-85DB412B38B4}.Release|Any CPU.ActiveCfg = Release|Any CPU
		{1BE886E6-2119-4F13-9487-85DB412B38B4}.Release|Any CPU.Build.0 = Release|Any CPU
		{3C50371D-719F-4FBE-9813-62E176A0F4B0}.Debug|Any CPU.ActiveCfg = Debug|Any CPU
		{3C50371D-719F-4FBE-9813-62E176A0F4B0}.Debug|Any CPU.Build.0 = Debug|Any CPU
		{3C50371D-719F-4FBE-9813-62E176A0F4B0}.Release|Any CPU.ActiveCfg = Release|Any CPU
		{3C50371D-719F-4FBE-9813-62E176A0F4B0}.Release|Any CPU.Build.0 = Release|Any CPU
		{2060ED1C-0C26-4202-9180-8DC63849F9DB}.Debug|Any CPU.ActiveCfg = Debug|Any CPU
		{2060ED1C-0C26-4202-9180-8DC63849F9DB}.Debug|Any CPU.Build.0 = Debug|Any CPU
		{2060ED1C-0C26-4202-9180-8DC63849F9DB}.Release|Any CPU.ActiveCfg = Release|Any CPU
		{2060ED1C-0C26-4202-9180-8DC63849F9DB}.Release|Any CPU.Build.0 = Release|Any CPU
		{2A0EDBF1-6CE1-4E11-9158-51A827229C9D}.Debug|Any CPU.ActiveCfg = Debug|Any CPU
		{2A0EDBF1-6CE1-4E11-9158-51A827229C9D}.Debug|Any CPU.Build.0 = Debug|Any CPU
		{2A0EDBF1-6CE1-4E11-9158-51A827229C9D}.Release|Any CPU.ActiveCfg = Release|Any CPU
		{2A0EDBF1-6CE1-4E11-9158-51A827229C9D}.Release|Any CPU.Build.0 = Release|Any CPU
		{1583208A-AFC5-4B00-A7E1-4167AAA23352}.Debug|Any CPU.ActiveCfg = Debug|Any CPU
		{1583208A-AFC5-4B00-A7E1-4167AAA23352}.Debug|Any CPU.Build.0 = Debug|Any CPU
		{1583208A-AFC5-4B00-A7E1-4167AAA23352}.Release|Any CPU.ActiveCfg = Release|Any CPU
		{1583208A-AFC5-4B00-A7E1-4167AAA23352}.Release|Any CPU.Build.0 = Release|Any CPU
		{664B62F1-5D6F-4307-A85D-26D6065F55B6}.Debug|Any CPU.ActiveCfg = Debug|Any CPU
		{664B62F1-5D6F-4307-A85D-26D6065F55B6}.Debug|Any CPU.Build.0 = Debug|Any CPU
		{664B62F1-5D6F-4307-A85D-26D6065F55B6}.Release|Any CPU.ActiveCfg = Release|Any CPU
		{664B62F1-5D6F-4307-A85D-26D6065F55B6}.Release|Any CPU.Build.0 = Release|Any CPU
		{D3137B97-B314-4E06-BF46-81CB8A937E85}.Debug|Any CPU.ActiveCfg = Debug|Any CPU
		{D3137B97-B314-4E06-BF46-81CB8A937E85}.Debug|Any CPU.Build.0 = Debug|Any CPU
		{D3137B97-B314-4E06-BF46-81CB8A937E85}.Release|Any CPU.ActiveCfg = Release|Any CPU
		{D3137B97-B314-4E06-BF46-81CB8A937E85}.Release|Any CPU.Build.0 = Release|Any CPU
		{BFDA1AFB-E4E5-400D-900B-5D59ACA69C9C}.Debug|Any CPU.ActiveCfg = Debug|Any CPU
		{BFDA1AFB-E4E5-400D-900B-5D59ACA69C9C}.Debug|Any CPU.Build.0 = Debug|Any CPU
		{BFDA1AFB-E4E5-400D-900B-5D59ACA69C9C}.Release|Any CPU.ActiveCfg = Release|Any CPU
		{BFDA1AFB-E4E5-400D-900B-5D59ACA69C9C}.Release|Any CPU.Build.0 = Release|Any CPU
		{21B69F71-F224-4D19-BFC2-6F946F5BFFAD}.Debug|Any CPU.ActiveCfg = Debug|Any CPU
		{21B69F71-F224-4D19-BFC2-6F946F5BFFAD}.Debug|Any CPU.Build.0 = Debug|Any CPU
		{21B69F71-F224-4D19-BFC2-6F946F5BFFAD}.Release|Any CPU.ActiveCfg = Release|Any CPU
		{21B69F71-F224-4D19-BFC2-6F946F5BFFAD}.Release|Any CPU.Build.0 = Release|Any CPU
		{3CFF53C0-DAE0-4825-8A52-B520B7DA444A}.Debug|Any CPU.ActiveCfg = Debug|Any CPU
		{3CFF53C0-DAE0-4825-8A52-B520B7DA444A}.Debug|Any CPU.Build.0 = Debug|Any CPU
		{3CFF53C0-DAE0-4825-8A52-B520B7DA444A}.Release|Any CPU.ActiveCfg = Release|Any CPU
		{3CFF53C0-DAE0-4825-8A52-B520B7DA444A}.Release|Any CPU.Build.0 = Release|Any CPU
		{CB3062C6-BF51-472C-827F-B64A0BA3B1BB}.Debug|Any CPU.ActiveCfg = Debug|Any CPU
		{CB3062C6-BF51-472C-827F-B64A0BA3B1BB}.Debug|Any CPU.Build.0 = Debug|Any CPU
		{CB3062C6-BF51-472C-827F-B64A0BA3B1BB}.Release|Any CPU.ActiveCfg = Release|Any CPU
		{CB3062C6-BF51-472C-827F-B64A0BA3B1BB}.Release|Any CPU.Build.0 = Release|Any CPU
		{C17CD131-F0AB-40F5-A896-481EBA3FE4FD}.Debug|Any CPU.ActiveCfg = Debug|Any CPU
		{C17CD131-F0AB-40F5-A896-481EBA3FE4FD}.Debug|Any CPU.Build.0 = Debug|Any CPU
		{C17CD131-F0AB-40F5-A896-481EBA3FE4FD}.Release|Any CPU.ActiveCfg = Release|Any CPU
		{C17CD131-F0AB-40F5-A896-481EBA3FE4FD}.Release|Any CPU.Build.0 = Release|Any CPU
		{1C4A9F97-850F-4808-8609-F765B5049D68}.Debug|Any CPU.ActiveCfg = Debug|Any CPU
		{1C4A9F97-850F-4808-8609-F765B5049D68}.Debug|Any CPU.Build.0 = Debug|Any CPU
		{1C4A9F97-850F-4808-8609-F765B5049D68}.Release|Any CPU.ActiveCfg = Release|Any CPU
		{1C4A9F97-850F-4808-8609-F765B5049D68}.Release|Any CPU.Build.0 = Release|Any CPU
		{81B38751-60D5-4EA7-B2D3-105FBA43D603}.Debug|Any CPU.ActiveCfg = Debug|Any CPU
		{81B38751-60D5-4EA7-B2D3-105FBA43D603}.Debug|Any CPU.Build.0 = Debug|Any CPU
		{81B38751-60D5-4EA7-B2D3-105FBA43D603}.Release|Any CPU.ActiveCfg = Release|Any CPU
		{81B38751-60D5-4EA7-B2D3-105FBA43D603}.Release|Any CPU.Build.0 = Release|Any CPU
		{91662D5E-634D-4F19-AC99-381CFC697494}.Debug|Any CPU.ActiveCfg = Debug|Any CPU
		{91662D5E-634D-4F19-AC99-381CFC697494}.Debug|Any CPU.Build.0 = Debug|Any CPU
		{91662D5E-634D-4F19-AC99-381CFC697494}.Release|Any CPU.ActiveCfg = Release|Any CPU
		{91662D5E-634D-4F19-AC99-381CFC697494}.Release|Any CPU.Build.0 = Release|Any CPU
		{2D3B3C85-8C33-45A0-9B3F-96B6E5B24799}.Debug|Any CPU.ActiveCfg = Debug|Any CPU
		{2D3B3C85-8C33-45A0-9B3F-96B6E5B24799}.Debug|Any CPU.Build.0 = Debug|Any CPU
		{2D3B3C85-8C33-45A0-9B3F-96B6E5B24799}.Release|Any CPU.ActiveCfg = Release|Any CPU
		{2D3B3C85-8C33-45A0-9B3F-96B6E5B24799}.Release|Any CPU.Build.0 = Release|Any CPU
		{BEF86E72-3F81-4D8B-A504-B4405FB0A823}.Debug|Any CPU.ActiveCfg = Debug|Any CPU
		{BEF86E72-3F81-4D8B-A504-B4405FB0A823}.Debug|Any CPU.Build.0 = Debug|Any CPU
		{BEF86E72-3F81-4D8B-A504-B4405FB0A823}.Release|Any CPU.ActiveCfg = Release|Any CPU
		{BEF86E72-3F81-4D8B-A504-B4405FB0A823}.Release|Any CPU.Build.0 = Release|Any CPU
		{24905737-86A8-4503-ADF8-67D8EEBAABCC}.Debug|Any CPU.ActiveCfg = Debug|Any CPU
		{24905737-86A8-4503-ADF8-67D8EEBAABCC}.Debug|Any CPU.Build.0 = Debug|Any CPU
		{24905737-86A8-4503-ADF8-67D8EEBAABCC}.Release|Any CPU.ActiveCfg = Release|Any CPU
		{24905737-86A8-4503-ADF8-67D8EEBAABCC}.Release|Any CPU.Build.0 = Release|Any CPU
		{577381E0-D8D5-4C97-9860-B84AC7009933}.Debug|Any CPU.ActiveCfg = Debug|Any CPU
		{577381E0-D8D5-4C97-9860-B84AC7009933}.Debug|Any CPU.Build.0 = Debug|Any CPU
		{577381E0-D8D5-4C97-9860-B84AC7009933}.Release|Any CPU.ActiveCfg = Release|Any CPU
		{577381E0-D8D5-4C97-9860-B84AC7009933}.Release|Any CPU.Build.0 = Release|Any CPU
		{3FCF3E22-4B98-490B-B932-823DFC3FAC54}.Debug|Any CPU.ActiveCfg = Debug|Any CPU
		{3FCF3E22-4B98-490B-B932-823DFC3FAC54}.Debug|Any CPU.Build.0 = Debug|Any CPU
		{3FCF3E22-4B98-490B-B932-823DFC3FAC54}.Release|Any CPU.ActiveCfg = Release|Any CPU
		{3FCF3E22-4B98-490B-B932-823DFC3FAC54}.Release|Any CPU.Build.0 = Release|Any CPU
		{589A9258-C373-433C-BB3C-DA528DFB5098}.Debug|Any CPU.ActiveCfg = Debug|Any CPU
		{589A9258-C373-433C-BB3C-DA528DFB5098}.Debug|Any CPU.Build.0 = Debug|Any CPU
		{589A9258-C373-433C-BB3C-DA528DFB5098}.Release|Any CPU.ActiveCfg = Release|Any CPU
		{589A9258-C373-433C-BB3C-DA528DFB5098}.Release|Any CPU.Build.0 = Release|Any CPU
		{E275A171-8A60-49BD-83CF-979CE6C63329}.Debug|Any CPU.ActiveCfg = Debug|Any CPU
		{E275A171-8A60-49BD-83CF-979CE6C63329}.Debug|Any CPU.Build.0 = Debug|Any CPU
		{E275A171-8A60-49BD-83CF-979CE6C63329}.Release|Any CPU.ActiveCfg = Release|Any CPU
		{E275A171-8A60-49BD-83CF-979CE6C63329}.Release|Any CPU.Build.0 = Release|Any CPU
		{AEDE72F3-DCE3-4B69-AB3D-5E93148B381C}.Debug|Any CPU.ActiveCfg = Debug|Any CPU
		{AEDE72F3-DCE3-4B69-AB3D-5E93148B381C}.Debug|Any CPU.Build.0 = Debug|Any CPU
		{AEDE72F3-DCE3-4B69-AB3D-5E93148B381C}.Release|Any CPU.ActiveCfg = Release|Any CPU
		{AEDE72F3-DCE3-4B69-AB3D-5E93148B381C}.Release|Any CPU.Build.0 = Release|Any CPU
		{42E1E3A2-5EAA-4CAB-B6D6-E6B8118B7489}.Debug|Any CPU.ActiveCfg = Debug|Any CPU
		{42E1E3A2-5EAA-4CAB-B6D6-E6B8118B7489}.Debug|Any CPU.Build.0 = Debug|Any CPU
		{42E1E3A2-5EAA-4CAB-B6D6-E6B8118B7489}.Release|Any CPU.ActiveCfg = Release|Any CPU
		{42E1E3A2-5EAA-4CAB-B6D6-E6B8118B7489}.Release|Any CPU.Build.0 = Release|Any CPU
	EndGlobalSection
	GlobalSection(SolutionProperties) = preSolution
		HideSolutionNode = FALSE
	EndGlobalSection
	GlobalSection(ExtensibilityGlobals) = postSolution
		SolutionGuid = {16D1F9A3-F8EE-4586-B9DB-D404C767DEE0}
	EndGlobalSection
EndGlobal
